
Microsoft Visual Studio Solution File, Format Version 12.00
# Visual Studio Version 17
VisualStudioVersion = 17.9.34728.123
MinimumVisualStudioVersion = 10.0.40219.1
Project("{8BC9CEB8-8B4A-11D0-8D11-00A0C91BC942}") = "MT3_02_03　3次元衝突判定(線と面)", "MT3_02_03　3次元衝突判定(線と面).vcxproj", "{8F782F1B-09F3-42D4-8F86-7E98168004AF}"
EndProject
Global
	GlobalSection(SolutionConfigurationPlatforms) = preSolution
		Debug|x64 = Debug|x64
		Release|x64 = Release|x64
	EndGlobalSection
	GlobalSection(ProjectConfigurationPlatforms) = postSolution
		{8F782F1B-09F3-42D4-8F86-7E98168004AF}.Debug|x64.ActiveCfg = Debug|x64
		{8F782F1B-09F3-42D4-8F86-7E98168004AF}.Debug|x64.Build.0 = Debug|x64
		{8F782F1B-09F3-42D4-8F86-7E98168004AF}.Release|x64.ActiveCfg = Release|x64
		{8F782F1B-09F3-42D4-8F86-7E98168004AF}.Release|x64.Build.0 = Release|x64
	EndGlobalSection
	GlobalSection(SolutionProperties) = preSolution
		HideSolutionNode = FALSE
	EndGlobalSection
	GlobalSection(ExtensibilityGlobals) = postSolution
		SolutionGuid = {20462A34-D84F-412B-A9E8-FC68FC75789E}
	EndGlobalSection
EndGlobal
